
Microsoft Visual Studio Solution File, Format Version 12.00
# Visual Studio Version 17
VisualStudioVersion = 17.5.33414.496
MinimumVisualStudioVersion = 10.0.40219.1
Project("{FAE04EC0-301F-11D3-BF4B-00C04F79EFBC}") = "Conteudo_Aula06", "Conteudo_Aula06.csproj", "{2792FF47-477F-4DD3-B5EA-B59E490F7A3E}"
EndProject
Global
	GlobalSection(SolutionConfigurationPlatforms) = preSolution
		Debug|Any CPU = Debug|Any CPU
		Release|Any CPU = Release|Any CPU
	EndGlobalSection
	GlobalSection(ProjectConfigurationPlatforms) = postSolution
		{2792FF47-477F-4DD3-B5EA-B59E490F7A3E}.Debug|Any CPU.ActiveCfg = Debug|Any CPU
		{2792FF47-477F-4DD3-B5EA-B59E490F7A3E}.Debug|Any CPU.Build.0 = Debug|Any CPU
		{2792FF47-477F-4DD3-B5EA-B59E490F7A3E}.Release|Any CPU.ActiveCfg = Release|Any CPU
		{2792FF47-477F-4DD3-B5EA-B59E490F7A3E}.Release|Any CPU.Build.0 = Release|Any CPU
	EndGlobalSection
	GlobalSection(SolutionProperties) = preSolution
		HideSolutionNode = FALSE
	EndGlobalSection
	GlobalSection(ExtensibilityGlobals) = postSolution
		SolutionGuid = {A9086B10-B1D2-4213-8F11-CEC716D95805}
	EndGlobalSection
EndGlobal
